
Microsoft Visual Studio Solution File, Format Version 12.00
# Visual Studio Version 17
VisualStudioVersion = 17.6.33723.286
MinimumVisualStudioVersion = 10.0.40219.1
Project("{FAE04EC0-301F-11D3-BF4B-00C04F79EFBC}") = "StackandQueue", "StackandQueue\StackandQueue.csproj", "{72BB5C8E-801E-45DA-90E2-4A2894737C11}"
EndProject
Project("{FAE04EC0-301F-11D3-BF4B-00C04F79EFBC}") = "StackandQueuenormally", "StackandQueuenormally\StackandQueuenormally.csproj", "{B604B844-9FA6-45BE-83DD-266ECA4964FB}"
EndProject
Global
	GlobalSection(SolutionConfigurationPlatforms) = preSolution
		Debug|Any CPU = Debug|Any CPU
		Release|Any CPU = Release|Any CPU
	EndGlobalSection
	GlobalSection(ProjectConfigurationPlatforms) = postSolution
		{72BB5C8E-801E-45DA-90E2-4A2894737C11}.Debug|Any CPU.ActiveCfg = Debug|Any CPU
		{72BB5C8E-801E-45DA-90E2-4A2894737C11}.Debug|Any CPU.Build.0 = Debug|Any CPU
		{72BB5C8E-801E-45DA-90E2-4A2894737C11}.Release|Any CPU.ActiveCfg = Release|Any CPU
		{72BB5C8E-801E-45DA-90E2-4A2894737C11}.Release|Any CPU.Build.0 = Release|Any CPU
		{B604B844-9FA6-45BE-83DD-266ECA4964FB}.Debug|Any CPU.ActiveCfg = Debug|Any CPU
		{B604B844-9FA6-45BE-83DD-266ECA4964FB}.Debug|Any CPU.Build.0 = Debug|Any CPU
		{B604B844-9FA6-45BE-83DD-266ECA4964FB}.Release|Any CPU.ActiveCfg = Release|Any CPU
		{B604B844-9FA6-45BE-83DD-266ECA4964FB}.Release|Any CPU.Build.0 = Release|Any CPU
	EndGlobalSection
	GlobalSection(SolutionProperties) = preSolution
		HideSolutionNode = FALSE
	EndGlobalSection
	GlobalSection(ExtensibilityGlobals) = postSolution
		SolutionGuid = {241E28D9-F747-48CB-868C-2948CAEBB403}
	EndGlobalSection
EndGlobal
